
Microsoft Visual Studio Solution File, Format Version 12.00
# Visual Studio 15
VisualStudioVersion = 15.0.26730.15
MinimumVisualStudioVersion = 10.0.40219.1
Project("{FAE04EC0-301F-11D3-BF4B-00C04F79EFBC}") = "StudyBuddy", "StudyBuddy\StudyBuddy.csproj", "{0B6A7649-3D6A-41A5-B955-B3608F2A20BF}"
EndProject
Global
	GlobalSection(SolutionConfigurationPlatforms) = preSolution
		Debug|Any CPU = Debug|Any CPU
		Release|Any CPU = Release|Any CPU
	EndGlobalSection
	GlobalSection(ProjectConfigurationPlatforms) = postSolution
		{0B6A7649-3D6A-41A5-B955-B3608F2A20BF}.Debug|Any CPU.ActiveCfg = Debug|Any CPU
		{0B6A7649-3D6A-41A5-B955-B3608F2A20BF}.Debug|Any CPU.Build.0 = Debug|Any CPU
		{0B6A7649-3D6A-41A5-B955-B3608F2A20BF}.Release|Any CPU.ActiveCfg = Release|Any CPU
		{0B6A7649-3D6A-41A5-B955-B3608F2A20BF}.Release|Any CPU.Build.0 = Release|Any CPU
	EndGlobalSection
	GlobalSection(SolutionProperties) = preSolution
		HideSolutionNode = FALSE
	EndGlobalSection
	GlobalSection(ExtensibilityGlobals) = postSolution
		SolutionGuid = {11B7A3F0-0FF7-49CC-910D-B80DB09BDF5A}
	EndGlobalSection
EndGlobal
